
Microsoft Visual Studio Solution File, Format Version 12.00
# Visual Studio Version 17
VisualStudioVersion = 17.4.33122.133
MinimumVisualStudioVersion = 10.0.40219.1
Project("{9A19103F-16F7-4668-BE54-9A1E7A4F7556}") = "WebpClickConverter", "WebpClickConverter\WebpClickConverter.csproj", "{201F1992-15A2-4423-B9EE-BCF7808A3017}"
EndProject
Project("{8BC9CEB8-8B4A-11D0-8D11-00A0C91BC942}") = "Decoder.Webp.NativeInterop", "Decoder.Webp.NativeInterop\Decoder.Webp.NativeInterop.vcxproj", "{3ED77763-4CE4-4BE6-8EB0-D57B7051A77B}"
EndProject
Project("{9A19103F-16F7-4668-BE54-9A1E7A4F7556}") = "Decoder.Webp", "Decoder.Webp\Decoder.Webp.csproj", "{E6B0D8BA-A44A-40B0-AE8A-23322B4D506A}"
EndProject
Project("{9A19103F-16F7-4668-BE54-9A1E7A4F7556}") = "SimpleImageComparison", "SimpleImageComparison\SimpleImageComparison.csproj", "{A9D27424-E404-49D6-92E3-78E3E27DEA6D}"
EndProject
Project("{9A19103F-16F7-4668-BE54-9A1E7A4F7556}") = "Decoder.Webp.UnitTests", "Decoder.Webp.UnitTests\Decoder.Webp.UnitTests.csproj", "{6CF3CB97-625A-4EB3-B414-562624E01AF4}"
EndProject
Global
	GlobalSection(SolutionConfigurationPlatforms) = preSolution
		Debug|x64 = Debug|x64
		Release|x64 = Release|x64
	EndGlobalSection
	GlobalSection(ProjectConfigurationPlatforms) = postSolution
		{201F1992-15A2-4423-B9EE-BCF7808A3017}.Debug|x64.ActiveCfg = Debug|x64
		{201F1992-15A2-4423-B9EE-BCF7808A3017}.Debug|x64.Build.0 = Debug|x64
		{201F1992-15A2-4423-B9EE-BCF7808A3017}.Release|x64.ActiveCfg = Release|x64
		{201F1992-15A2-4423-B9EE-BCF7808A3017}.Release|x64.Build.0 = Release|x64
		{3ED77763-4CE4-4BE6-8EB0-D57B7051A77B}.Debug|x64.ActiveCfg = Debug|x64
		{3ED77763-4CE4-4BE6-8EB0-D57B7051A77B}.Debug|x64.Build.0 = Debug|x64
		{3ED77763-4CE4-4BE6-8EB0-D57B7051A77B}.Release|x64.ActiveCfg = Release|x64
		{3ED77763-4CE4-4BE6-8EB0-D57B7051A77B}.Release|x64.Build.0 = Release|x64
		{E6B0D8BA-A44A-40B0-AE8A-23322B4D506A}.Debug|x64.ActiveCfg = Debug|x64
		{E6B0D8BA-A44A-40B0-AE8A-23322B4D506A}.Debug|x64.Build.0 = Debug|x64
		{E6B0D8BA-A44A-40B0-AE8A-23322B4D506A}.Release|x64.ActiveCfg = Release|x64
		{E6B0D8BA-A44A-40B0-AE8A-23322B4D506A}.Release|x64.Build.0 = Release|x64
		{A9D27424-E404-49D6-92E3-78E3E27DEA6D}.Debug|x64.ActiveCfg = Debug|x64
		{A9D27424-E404-49D6-92E3-78E3E27DEA6D}.Debug|x64.Build.0 = Debug|x64
		{A9D27424-E404-49D6-92E3-78E3E27DEA6D}.Release|x64.ActiveCfg = Release|x64
		{A9D27424-E404-49D6-92E3-78E3E27DEA6D}.Release|x64.Build.0 = Release|x64
		{6CF3CB97-625A-4EB3-B414-562624E01AF4}.Debug|x64.ActiveCfg = Debug|x64
		{6CF3CB97-625A-4EB3-B414-562624E01AF4}.Debug|x64.Build.0 = Debug|x64
		{6CF3CB97-625A-4EB3-B414-562624E01AF4}.Release|x64.ActiveCfg = Release|x64
		{6CF3CB97-625A-4EB3-B414-562624E01AF4}.Release|x64.Build.0 = Release|x64
	EndGlobalSection
	GlobalSection(SolutionProperties) = preSolution
		HideSolutionNode = FALSE
	EndGlobalSection
	GlobalSection(ExtensibilityGlobals) = postSolution
		SolutionGuid = {805BAEC5-D53A-461A-AB76-B6A66A3DE46F}
	EndGlobalSection
EndGlobal
